
Microsoft Visual Studio Solution File, Format Version 12.00
# Visual Studio Version 17
VisualStudioVersion = 17.5.33530.505
MinimumVisualStudioVersion = 10.0.40219.1
Project("{8BC9CEB8-8B4A-11D0-8D11-00A0C91BC942}") = "12.DocGhiFileCayNhiPhan.cpp", "12.DocGhiFileCayNhiPhan.cpp.vcxproj", "{17760E58-9BE2-40E1-B7A4-EEA5879FCD03}"
EndProject
Global
	GlobalSection(SolutionConfigurationPlatforms) = preSolution
		Debug|x64 = Debug|x64
		Debug|x86 = Debug|x86
		Release|x64 = Release|x64
		Release|x86 = Release|x86
	EndGlobalSection
	GlobalSection(ProjectConfigurationPlatforms) = postSolution
		{17760E58-9BE2-40E1-B7A4-EEA5879FCD03}.Debug|x64.ActiveCfg = Debug|x64
		{17760E58-9BE2-40E1-B7A4-EEA5879FCD03}.Debug|x64.Build.0 = Debug|x64
		{17760E58-9BE2-40E1-B7A4-EEA5879FCD03}.Debug|x86.ActiveCfg = Debug|Win32
		{17760E58-9BE2-40E1-B7A4-EEA5879FCD03}.Debug|x86.Build.0 = Debug|Win32
		{17760E58-9BE2-40E1-B7A4-EEA5879FCD03}.Release|x64.ActiveCfg = Release|x64
		{17760E58-9BE2-40E1-B7A4-EEA5879FCD03}.Release|x64.Build.0 = Release|x64
		{17760E58-9BE2-40E1-B7A4-EEA5879FCD03}.Release|x86.ActiveCfg = Release|Win32
		{17760E58-9BE2-40E1-B7A4-EEA5879FCD03}.Release|x86.Build.0 = Release|Win32
	EndGlobalSection
	GlobalSection(SolutionProperties) = preSolution
		HideSolutionNode = FALSE
	EndGlobalSection
	GlobalSection(ExtensibilityGlobals) = postSolution
		SolutionGuid = {B3E8DA58-C6BF-4E92-A3FD-162F908E70C2}
	EndGlobalSection
EndGlobal
